{
    "_readme": [
        "This file locks the dependencies of your project to a known state",
        "Read more about it at https://getcomposer.org/doc/01-basic-usage.md#installing-dependencies",
        "This file is @generated automatically"
    ],
    "content-hash": "f261209ec264b474b8e5a16798726e82",
    "packages": [
        {
            "name": "ralouphie/mimey",
            "version": "2.1.0",
            "source": {
                "type": "git",
                "url": "https://github.com/ralouphie/mimey.git",
                "reference": "8f74e6da73f9df7bd965e4e123f3d8fb9acb89ba"
            },
            "dist": {
                "type": "zip",
                "url": "https://api.github.com/repos/ralouphie/mimey/zipball/8f74e6da73f9df7bd965e4e123f3d8fb9acb89ba",
                "reference": "8f74e6da73f9df7bd965e4e123f3d8fb9acb89ba",
                "shasum": ""
            },
            "require": {
                "php": "^5.4|^7.0"
            },
            "require-dev": {
                "php-coveralls/php-coveralls": "^1.1",
                "phpunit/phpunit": "^4.8 || ^5.7 || ^6.5"
            },
            "type": "library",
            "autoload": {
                "psr-4": {
                    "Mimey\\": "src/"
                }
            },
            "notification-url": "https://packagist.org/downloads/",
            "license": [
                "MIT"
            ],
            "authors": [
                {
                    "name": "Ralph Khattar",
                    "email": "ralph.khattar@gmail.com"
                }
            ],
            "description": "PHP package for converting file extensions to MIME types and vice versa.",
            "time": "2019-03-08T08:49:03+00:00"
        },
        {
            "name": "samejack/php-argv",
            "version": "1.0.3",
            "source": {
                "type": "git",
                "url": "https://github.com/samejack/php-argv.git",
                "reference": "0551f0f7fd38a5e9dcb316d5cc9028cdd62b21ac"
            },
            "dist": {
                "type": "zip",
                "url": "https://api.github.com/repos/samejack/php-argv/zipball/0551f0f7fd38a5e9dcb316d5cc9028cdd62b21ac",
                "reference": "0551f0f7fd38a5e9dcb316d5cc9028cdd62b21ac",
                "shasum": ""
            },
            "require": {
                "php": ">=5.3.0"
            },
            "require-dev": {
                "php-coveralls/php-coveralls": "*@stable",
                "phpunit/phpunit": "~4.8|~5.7",
                "squizlabs/php_codesniffer": "*@stable"
            },
            "type": "library",
            "autoload": {
                "psr-4": {
                    "samejack\\": "src/"
                }
            },
            "notification-url": "https://packagist.org/downloads/",
            "license": [
                "Apache-2.0"
            ],
            "authors": [
                {
                    "name": "SJ",
                    "email": "sj@toright.com",
                    "homepage": "http://blog.toright.com",
                    "role": "Developer"
                }
            ],
            "description": "PHP CLI arguments parse.",
            "homepage": "https://github.com/samejack/php-argv",
            "keywords": [
                "cli",
                "php"
            ],
            "time": "2020-07-15T12:28:03+00:00"
        }
    ],
    "packages-dev": [],
    "aliases": [],
    "minimum-stability": "stable",
    "stability-flags": [],
    "prefer-stable": false,
    "prefer-lowest": false,
    "platform": [],
    "platform-dev": []
}
